
Microsoft Visual Studio Solution File, Format Version 12.00
# Visual Studio Version 17
VisualStudioVersion = 17.9.34714.143
MinimumVisualStudioVersion = 10.0.40219.1
Project("{FAE04EC0-301F-11D3-BF4B-00C04F79EFBC}") = "APBDCw2", "APBDCw2.csproj", "{B0E828E4-358B-4B15-B998-D3624D185A64}"
EndProject
Global
	GlobalSection(SolutionConfigurationPlatforms) = preSolution
		Debug|Any CPU = Debug|Any CPU
		Release|Any CPU = Release|Any CPU
	EndGlobalSection
	GlobalSection(ProjectConfigurationPlatforms) = postSolution
		{B0E828E4-358B-4B15-B998-D3624D185A64}.Debug|Any CPU.ActiveCfg = Debug|Any CPU
		{B0E828E4-358B-4B15-B998-D3624D185A64}.Debug|Any CPU.Build.0 = Debug|Any CPU
		{B0E828E4-358B-4B15-B998-D3624D185A64}.Release|Any CPU.ActiveCfg = Release|Any CPU
		{B0E828E4-358B-4B15-B998-D3624D185A64}.Release|Any CPU.Build.0 = Release|Any CPU
	EndGlobalSection
	GlobalSection(SolutionProperties) = preSolution
		HideSolutionNode = FALSE
	EndGlobalSection
	GlobalSection(ExtensibilityGlobals) = postSolution
		SolutionGuid = {2D51E145-7470-4BAF-9477-B5259C62BA65}
	EndGlobalSection
EndGlobal
